
Microsoft Visual Studio Solution File, Format Version 12.00
# Visual Studio Version 16
VisualStudioVersion = 16.0.31129.286
MinimumVisualStudioVersion = 10.0.40219.1
Project("{FAE04EC0-301F-11D3-BF4B-00C04F79EFBC}") = "Users", "Users\Users.csproj", "{D7DD8142-86BE-4DCE-AB2F-187C8C86E15A}"
EndProject
Global
	GlobalSection(SolutionConfigurationPlatforms) = preSolution
		Debug|Any CPU = Debug|Any CPU
		Release|Any CPU = Release|Any CPU
	EndGlobalSection
	GlobalSection(ProjectConfigurationPlatforms) = postSolution
		{D7DD8142-86BE-4DCE-AB2F-187C8C86E15A}.Debug|Any CPU.ActiveCfg = Debug|Any CPU
		{D7DD8142-86BE-4DCE-AB2F-187C8C86E15A}.Debug|Any CPU.Build.0 = Debug|Any CPU
		{D7DD8142-86BE-4DCE-AB2F-187C8C86E15A}.Release|Any CPU.ActiveCfg = Release|Any CPU
		{D7DD8142-86BE-4DCE-AB2F-187C8C86E15A}.Release|Any CPU.Build.0 = Release|Any CPU
	EndGlobalSection
	GlobalSection(SolutionProperties) = preSolution
		HideSolutionNode = FALSE
	EndGlobalSection
	GlobalSection(ExtensibilityGlobals) = postSolution
		SolutionGuid = {F8062709-9497-4AEA-B785-5222D56C570C}
	EndGlobalSection
EndGlobal
